
Microsoft Visual Studio Solution File, Format Version 12.00
# Visual Studio Version 16
VisualStudioVersion = 16.0.30320.27
MinimumVisualStudioVersion = 10.0.40219.1
Project("{9A19103F-16F7-4668-BE54-9A1E7A4F7556}") = "OnlineAdmission.API", "OnlineAdmission.API\OnlineAdmission.API.csproj", "{2126E297-9F5B-4134-88A1-B0984A1897B2}"
EndProject
Project("{9A19103F-16F7-4668-BE54-9A1E7A4F7556}") = "OnlineAdmission.Entity", "OnlineAdmission.Entity\OnlineAdmission.Entity.csproj", "{6EDA296D-9955-4875-A76E-39E60DE8FC4D}"
EndProject
Project("{9A19103F-16F7-4668-BE54-9A1E7A4F7556}") = "OnlineAdmission.BLL", "OnlineAdmission.BLL\OnlineAdmission.BLL.csproj", "{35D7C7AE-A62F-4F31-9BB4-DA013638B7D7}"
EndProject
Project("{9A19103F-16F7-4668-BE54-9A1E7A4F7556}") = "OnlineAdmission.DAL", "OnlineAdmission.DAL\OnlineAdmission.DAL.csproj", "{A715ACF5-501A-42A7-B9FD-0D0BCABEF1B0}"
EndProject
Project("{9A19103F-16F7-4668-BE54-9A1E7A4F7556}") = "OnlineAdmission.DB", "OnlineAdmission.DB\OnlineAdmission.DB.csproj", "{B3531EEB-55F6-4D5B-82AC-7E629AAAD45F}"
EndProject
Project("{9A19103F-16F7-4668-BE54-9A1E7A4F7556}") = "OnlineAdmission.APP", "OnlineAdmission.APP\OnlineAdmission.APP.csproj", "{56380907-B5C7-48A1-AE9C-21E1EE072C83}"
EndProject
Global
	GlobalSection(SolutionConfigurationPlatforms) = preSolution
		Debug|Any CPU = Debug|Any CPU
		Release|Any CPU = Release|Any CPU
	EndGlobalSection
	GlobalSection(ProjectConfigurationPlatforms) = postSolution
		{2126E297-9F5B-4134-88A1-B0984A1897B2}.Debug|Any CPU.ActiveCfg = Debug|Any CPU
		{2126E297-9F5B-4134-88A1-B0984A1897B2}.Debug|Any CPU.Build.0 = Debug|Any CPU
		{2126E297-9F5B-4134-88A1-B0984A1897B2}.Release|Any CPU.ActiveCfg = Release|Any CPU
		{2126E297-9F5B-4134-88A1-B0984A1897B2}.Release|Any CPU.Build.0 = Release|Any CPU
		{6EDA296D-9955-4875-A76E-39E60DE8FC4D}.Debug|Any CPU.ActiveCfg = Debug|Any CPU
		{6EDA296D-9955-4875-A76E-39E60DE8FC4D}.Debug|Any CPU.Build.0 = Debug|Any CPU
		{6EDA296D-9955-4875-A76E-39E60DE8FC4D}.Release|Any CPU.ActiveCfg = Release|Any CPU
		{6EDA296D-9955-4875-A76E-39E60DE8FC4D}.Release|Any CPU.Build.0 = Release|Any CPU
		{35D7C7AE-A62F-4F31-9BB4-DA013638B7D7}.Debug|Any CPU.ActiveCfg = Debug|Any CPU
		{35D7C7AE-A62F-4F31-9BB4-DA013638B7D7}.Debug|Any CPU.Build.0 = Debug|Any CPU
		{35D7C7AE-A62F-4F31-9BB4-DA013638B7D7}.Release|Any CPU.ActiveCfg = Release|Any CPU
		{35D7C7AE-A62F-4F31-9BB4-DA013638B7D7}.Release|Any CPU.Build.0 = Release|Any CPU
		{A715ACF5-501A-42A7-B9FD-0D0BCABEF1B0}.Debug|Any CPU.ActiveCfg = Debug|Any CPU
		{A715ACF5-501A-42A7-B9FD-0D0BCABEF1B0}.Debug|Any CPU.Build.0 = Debug|Any CPU
		{A715ACF5-501A-42A7-B9FD-0D0BCABEF1B0}.Release|Any CPU.ActiveCfg = Release|Any CPU
		{A715ACF5-501A-42A7-B9FD-0D0BCABEF1B0}.Release|Any CPU.Build.0 = Release|Any CPU
		{B3531EEB-55F6-4D5B-82AC-7E629AAAD45F}.Debug|Any CPU.ActiveCfg = Debug|Any CPU
		{B3531EEB-55F6-4D5B-82AC-7E629AAAD45F}.Debug|Any CPU.Build.0 = Debug|Any CPU
		{B3531EEB-55F6-4D5B-82AC-7E629AAAD45F}.Release|Any CPU.ActiveCfg = Release|Any CPU
		{B3531EEB-55F6-4D5B-82AC-7E629AAAD45F}.Release|Any CPU.Build.0 = Release|Any CPU
		{56380907-B5C7-48A1-AE9C-21E1EE072C83}.Debug|Any CPU.ActiveCfg = Debug|Any CPU
		{56380907-B5C7-48A1-AE9C-21E1EE072C83}.Debug|Any CPU.Build.0 = Debug|Any CPU
		{56380907-B5C7-48A1-AE9C-21E1EE072C83}.Release|Any CPU.ActiveCfg = Release|Any CPU
		{56380907-B5C7-48A1-AE9C-21E1EE072C83}.Release|Any CPU.Build.0 = Release|Any CPU
	EndGlobalSection
	GlobalSection(SolutionProperties) = preSolution
		HideSolutionNode = FALSE
	EndGlobalSection
	GlobalSection(ExtensibilityGlobals) = postSolution
		SolutionGuid = {FC247989-4CAA-4020-A918-B01E7E3AAD79}
	EndGlobalSection
EndGlobal
